# THIS IS AN AUTOGENERATED FILE. DO NOT EDIT THIS FILE DIRECTLY.
# yarn lockfile v1


"@ai-sdk/gateway@4.0.36":
  version "4.0.36"
  resolved "https://registry.yarnpkg.com/@ai-sdk/gateway/-/gateway-4.0.36.tgz#03d50667b5931423798814ea2a496e7446ff97c1"
  integrity sha512-N1P6bdW/aC5rxLeuGYgx3X4el3DoZy8UWlky+g+AeIZSmxaEi/AToHJL4cmZ6nCPHk1byqJWwC+PaOZG0hK0dw==
  dependencies:
    "@ai-sdk/provider" "4.0.4"
    "@ai-sdk/provider-utils" "5.0.18"
    "@vercel/oidc" "3.2.0"

"@ai-sdk/provider-utils@5.0.18":
  version "5.0.18"
  resolved "https://registry.yarnpkg.com/@ai-sdk/provider-utils/-/provider-utils-5.0.18.tgz#d7dd124f354f9e967b0da0052c9d9c096cb750ac"
  integrity sha512-UBNCrkxS5llgN2/RXLBRkjCFTIuL6YB1Goq5c+yRecnznhtX4XPjTwLHz2hrsTltTVZ0rqVegtnwFXdPBkjDHA==
  dependencies:
    "@ai-sdk/provider" "4.0.4"
    "@standard-schema/spec" "^1.1.0"
    "@workflow/serde" "4.1.0"
    eventsource-parser "^3.0.8"
    undici "^7.28.0"

"@ai-sdk/provider@4.0.4":
  version "4.0.4"
  resolved "https://registry.yarnpkg.com/@ai-sdk/provider/-/provider-4.0.4.tgz#7b1a3616d3e1c731a06a90f0a0e26e4d767a5b25"
  integrity sha512-tbHKNLirllUNF3ZlkCsXnwab2ZV1Sl4b1H/Cp9ruCce15IBmskE8Gwkk0yo9xDWY+jho2of7lVXtwSsyrq7cwQ==
  dependencies:
    json-schema "^0.4.0"

"@openrouter/ai-sdk-provider@^3.0.0":
  version "3.0.0"
  resolved "https://registry.yarnpkg.com/@openrouter/ai-sdk-provider/-/ai-sdk-provider-3.0.0.tgz#712c0a6e0088055483af96d8d6a03a37adab5e83"
  integrity sha512-m9XTSWoODH2RM5OsZpaGiN7QRR8cdP5paBWq699Tu3JVmGPBKT8xF8XwV0ZBVVsjikD/JgWfak4VSsTR4wAVbg==

"@standard-schema/spec@^1.1.0":
  version "1.1.0"
  resolved "https://registry.yarnpkg.com/@standard-schema/spec/-/spec-1.1.0.tgz#a79b55dbaf8604812f52d140b2c9ab41bc150bb8"
  integrity sha512-l2aFy5jALhniG5HgqrD6jXLi/rUWrKvqN/qJx6yoJsgKhblVd+iqqU4RCXavm/jPityDo5TCvKMnpjKnOriy0w==

"@vercel/oidc@3.2.0":
  version "3.2.0"
  resolved "https://registry.yarnpkg.com/@vercel/oidc/-/oidc-3.2.0.tgz#5782a4d4904443f015808705b5537cf9c3b68528"
  integrity sha512-UycprH3T6n3jH0k44NHMa7pnFHGu/N05MjojYr+Mc6I7obkoLIJujSWwin1pCvdy/eOxrI/l3uDLQsmcrOb4ug==

"@workflow/serde@4.1.0":
  version "4.1.0"
  resolved "https://registry.yarnpkg.com/@workflow/serde/-/serde-4.1.0.tgz#82dbbaf2370f7b8ae46d9a9a4ab0917258f8db62"
  integrity sha512-pav4F2BoirECWR7Nf1TKt+2eETcBj7jj4cBefQ8VXQCA6NPkaKeLfj/zMgi+3zYV5ZIBT4GuUiphsj0/b9hPQQ==

ai@^7.0.47:
  version "7.0.47"
  resolved "https://registry.yarnpkg.com/ai/-/ai-7.0.47.tgz#30ac735cacc21ecbdc7e483b64818ea7b7187268"
  integrity sha512-e0MpNtufu6JmcmwMUTgM1smCRkP5z014iPaKgnCm7kmMsTSIZbOJN2vglhPq0WIj/6x7ewVi6W0FyIR0pjaE3Q==
  dependencies:
    "@ai-sdk/gateway" "4.0.36"
    "@ai-sdk/provider" "4.0.4"
    "@ai-sdk/provider-utils" "5.0.18"

eventsource-parser@^3.0.8:
  version "3.1.0"
  resolved "https://registry.yarnpkg.com/eventsource-parser/-/eventsource-parser-3.1.0.tgz#4e198eb91cd333d0a8ddcc036502b3618a25f449"
  integrity sha512-kJezFj9YFAMLeORyi7aCLxLbD5/qWMQnoMVlVPyHIll7lgRJCc3JVln9Vgl9nwQi0YkMnhdGTMNn7CkRRAptMg==

json-schema@^0.4.0:
  version "0.4.0"
  resolved "https://registry.yarnpkg.com/json-schema/-/json-schema-0.4.0.tgz#f7de4cf6efab838ebaeb3236474cbba5a1930ab5"
  integrity sha512-es94M3nTIfsEPisRafak+HDLfHXnKBhV3vU5eqPcS3flIWqcxJWgXHXiey3YrpaNsanY5ei1VoYEbOzijuq9BA==

typescript@^5.8.3:
  version "5.9.3"
  resolved "https://registry.yarnpkg.com/typescript/-/typescript-5.9.3.tgz#5b4f59e15310ab17a216f5d6cf53ee476ede670f"
  integrity sha512-jl1vZzPDinLr9eUt3J/t7V6FgNEw9QjvBPdysz9KfQDD41fQrC2Y4vKQdiaUpFT4bXlb1RHhLpp8wtm6M5TgSw==

undici@^7.28.0:
  version "7.29.0"
  resolved "https://registry.yarnpkg.com/undici/-/undici-7.29.0.tgz#ae0f6f62e06e057a9cbb7b2b5fde2bb74f791b8f"
  integrity sha512-IDxfleLmmbSskfWSUATiN1nfn2rDuvnMOqb5CWR92iIfojA0Ud+ulOAAEQ57LPr9rWmsreUyf5lwyao+7GNNVw==

zod@^3.24.3:
  version "3.25.76"
  resolved "https://registry.yarnpkg.com/zod/-/zod-3.25.76.tgz#26841c3f6fd22a6a2760e7ccb719179768471e34"
  integrity sha512-gzUt/qt81nXsFGKIFcC3YnfEAx5NkunCfnDlvuBSSFS02bcXu4Lmea0AFIUwbLWxWPx3d9p8S5QoaujKcNQxcQ==
